{
    "_meta": {
        "hash": {
            "sha256": "9174fd99c8df00e26fa62e963fdf657db5767427edfa6bbeaf80eca449a07c08"
        },
        "pipfile-spec": 6,
        "requires": {
            "python_version": "3.14"
        },
        "sources": [
            {
                "name": "pypi",
                "url": "https://pypi.org/simple",
                "verify_ssl": true
            }
        ]
    },
    "default": {
        "asgiref": {
            "hashes": [
                "sha256:59dcb51c272ad209d59bed5708a64a333083e86017d7fcdd67498eeab7784340",
                "sha256:fe386d1c2bff7259ea95929266d12a8cf9a8b5a1c2598402967d8792e7a7c094"
            ],
            "markers": "python_version >= '3.10'",
            "version": "==3.12.1"
        },
        "django": {
            "hashes": [
                "sha256:6c132cd980c9392b06807d4ca52d72530d631dc65a85d9dacede00a780cefbbe",
                "sha256:86a2aacd59b817e4d6ac2ebfe22356c58f66f7b24e503f71b7c2fead677ee48b"
            ],
            "index": "pypi",
            "markers": "python_version >= '3.12'",
            "version": "==6.1"
        },
        "ruff": {
            "hashes": [
                "sha256:0700580ed5303723cb3c11c2f1d2a8913ce77b7ea86646dddb887f5417a9ba70",
                "sha256:0b87d9d16fcb63e8018423ca1d50b7260f15cb2da33e30db4baad4183a948c25",
                "sha256:10d21c51c3495d8eaea7b703a16592117ea6eb1d649e36335aa965ff1173eb39",
                "sha256:15f1d0b6e165a6e56567befb6629f8209271311d990bae0f37e6d065035ef5f3",
                "sha256:31b36f1e5ad85e0737f09d2be4e512e2e283583c14015da3b9dc07359ac0fc88",
                "sha256:56a67065e22efa6bc4d498299d3bb06c0c90aace8fac2068b5a12f9dc4d8d51d",
                "sha256:61029b4ab4aa723fd3064fab96b1d814492596bf0c792679fffcbde1e1679953",
                "sha256:61c368c26bf8e973e5ab14a2772de587bc068ea3f9a277f673380749b4898fb8",
                "sha256:65a006baa18f33324325814c864daef03541d51564b98c517610ea756ab7003e",
                "sha256:7a976c79b958f94e50a022a19f0f8c87387448020935ec14fc74331bd0a7f2c5",
                "sha256:7fbf89013f2bb3f6835a6038ff658dc8a1b38c98dc8e724b964168ad4e881876",
                "sha256:99b62ea33baf130f50368798d841f0d95527b6d817bf31817b65dd058f1d314c",
                "sha256:9ac8998457832c2061709d900856b7ad271dace0cb41f346588d540162bfa718",
                "sha256:cd02a7bf1a21a8735228a3e8c95a9dc5cf86bd2a52194f4aaae2a5755b4de0f4",
                "sha256:d72c591a96986ee4268860e2b7235082129ca5e4cb9cbba653a4b57c11893757",
                "sha256:dcf8a73d2ff77e99dde91244b4da16feba7f14e6beeb4015dee7c5a909e99050",
                "sha256:e25cc89174874b176a157e4428d66761c2c0c006654419bf384f967f361ff1b1",
                "sha256:ecf4f068e2e123e43a26e9db4e19524cc56563912404e83bbfca375757e45a32"
            ],
            "index": "pypi",
            "markers": "python_version >= '3.7'",
            "version": "==0.16.6"
        },
        "sqlparse": {
            "hashes": [
                "sha256:113c35c75365ab9cc9c7231d68c6428fb11c085fc8e9eb1ad659b7ddbf6cd2b9",
                "sha256:b861c0288ce2fa56209a9a6412d2e066ac664b3873b89c26c9d8415e8e32996f"
            ],
            "index": "pypi",
            "markers": "python_version >= '3.10'",
            "version": "==0.6.0"
        }
    },
    "develop": {}
}
